
Microsoft Visual Studio Solution File, Format Version 11.00
# Visual Studio 2010
Project("{FAE04EC0-301F-11D3-BF4B-00C04F79EFBC}") = "LOIC", "loic.csproj", "{CC3C91B7-00F2-488B-B01D-1B3A5AB14E4E}"
EndProject
Global
	GlobalSection(SolutionConfigurationPlatforms) = preSolution
		Debug|Any CPU = Debug|Any CPU
		Release|Any CPU = Release|Any CPU
	EndGlobalSection
	GlobalSection(ProjectConfigurationPlatforms) = postSolution
		{CC3C91B7-00F2-488B-B01D-1B3A5AB14E4E}.Debug|Any CPU.ActiveCfg = Debug|Any CPU
		{CC3C91B7-00F2-488B-B01D-1B3A5AB14E4E}.Debug|Any CPU.Build.0 = Debug|Any CPU
		{CC3C91B7-00F2-488B-B01D-1B3A5AB14E4E}.Release|Any CPU.ActiveCfg = Release|Any CPU
		{CC3C91B7-00F2-488B-B01D-1B3A5AB14E4E}.Release|Any CPU.Build.0 = Release|Any CPU
	EndGlobalSection
	GlobalSection(SolutionProperties) = preSolution
		HideSolutionNode = FALSE
	EndGlobalSection
EndGlobal
